// !$*UTF8*$!
{
	archiveVersion = 1;
	classes = {
	};
	objectVersion = 46;
	objects = {

/* Begin PBXBuildFile section */
		2EFB4FCA1F6900DF00668D51 /* main.m in Sources */ = {isa = PBXBuildFile; fileRef = 2EFB4FC91F6900DF00668D51 /* main.m */; };
		2EFB4FCD1F6900DF00668D51 /* AppDelegate.m in Sources */ = {isa = PBXBuildFile; fileRef = 2EFB4FCC1F6900DF00668D51 /* AppDelegate.m */; };
		2EFB4FD01F6900DF00668D51 /* ViewController.m in Sources */ = {isa = PBXBuildFile; fileRef = 2EFB4FCF1F6900DF00668D51 /* ViewController.m */; };
		2EFB4FD31F6900DF00668D51 /* Main.storyboard in Resources */ = {isa = PBXBuildFile; fileRef = 2EFB4FD11F6900DF00668D51 /* Main.storyboard */; };
		2EFB4FD51F6900DF00668D51 /* Assets.xcassets in Resources */ = {isa = PBXBuildFile; fileRef = 2EFB4FD41F6900DF00668D51 /* Assets.xcassets */; };
		2EFB4FD81F6900DF00668D51 /* LaunchScreen.storyboard in Resources */ = {isa = PBXBuildFile; fileRef = 2EFB4FD61F6900DF00668D51 /* LaunchScreen.storyboard */; };
		2EFB4FE31F6900DF00668D51 /* DataStorageAssignmentTests.m in Sources */ = {isa = PBXBuildFile; fileRef = 2EFB4FE21F6900DF00668D51 /* DataStorageAssignmentTests.m */; };
		2EFB4FEE1F6900DF00668D51 /* DataStorageAssignmentUITests.m in Sources */ = {isa = PBXBuildFile; fileRef = 2EFB4FED1F6900DF00668D51 /* DataStorageAssignmentUITests.m */; };
/* End PBXBuildFile section */

/* Begin PBXContainerItemProxy section */
		2EFB4FDF1F6900DF00668D51 /* PBXContainerItemProxy */ = {
			isa = PBXContainerItemProxy;
			containerPortal = 2EFB4FBD1F6900DF00668D51 /* Project object */;
			proxyType = 1;
			remoteGlobalIDString = 2EFB4FC41F6900DF00668D51;
			remoteInfo = DataStorageAssignment;
		};
		2EFB4FEA1F6900DF00668D51 /* PBXContainerItemProxy */ = {
			isa = PBXContainerItemProxy;
			containerPortal = 2EFB4FBD1F6900DF00668D51 /* Project object */;
			proxyType = 1;
			remoteGlobalIDString = 2EFB4FC41F6900DF00668D51;
			remoteInfo = DataStorageAssignment;
		};
/* End PBXContainerItemProxy section */

/* Begin PBXFileReference section */
		2EFB4FC51F6900DF00668D51 /* DataStorageAssignment.app */ = {isa = PBXFileReference; explicitFileType = wrapper.application; includeInIndex = 0; path = DataStorageAssignment.app; sourceTree = BUILT_PRODUCTS_DIR; };
		2EFB4FC91F6900DF00668D51 /* main.m */ = {isa = PBXFileReference; lastKnownFileType = sourcecode.c.objc; path = main.m; sourceTree = "<group>"; };
		2EFB4FCB1F6900DF00668D51 /* AppDelegate.h */ = {isa = PBXFileReference; lastKnownFileType = sourcecode.c.h; path = AppDelegate.h; sourceTree = "<group>"; };
		2EFB4FCC1F6900DF00668D51 /* AppDelegate.m */ = {isa = PBXFileReference; lastKnownFileType = sourcecode.c.objc; path = AppDelegate.m; sourceTree = "<group>"; };
		2EFB4FCE1F6900DF00668D51 /* ViewController.h */ = {isa = PBXFileReference; lastKnownFileType = sourcecode.c.h; path = ViewController.h; sourceTree = "<group>"; };
		2EFB4FCF1F6900DF00668D51 /* ViewController.m */ = {isa = PBXFileReference; lastKnownFileType = sourcecode.c.objc; path = ViewController.m; sourceTree = "<group>"; };
		2EFB4FD21F6900DF00668D51 /* Base */ = {isa = PBXFileReference; lastKnownFileType = file.storyboard; name = Base; path = Base.lproj/Main.storyboard; sourceTree = "<group>"; };
		2EFB4FD41F6900DF00668D51 /* Assets.xcassets */ = {isa = PBXFileReference; lastKnownFileType = folder.assetcatalog; path = Assets.xcassets; sourceTree = "<group>"; };
		2EFB4FD71F6900DF00668D51 /* Base */ = {isa = PBXFileReference; lastKnownFileType = file.storyboard; name = Base; path = Base.lproj/LaunchScreen.storyboard; sourceTree = "<group>"; };
		2EFB4FD91F6900DF00668D51 /* Info.plist */ = {isa = PBXFileReference; lastKnownFileType = text.plist.xml; path = Info.plist; sourceTree = "<group>"; };
		2EFB4FDE1F6900DF00668D51 /* DataStorageAssignmentTests.xctest */ = {isa = PBXFileReference; explicitFileType = wrapper.cfbundle; includeInIndex = 0; path = DataStorageAssignmentTests.xctest; sourceTree = BUILT_PRODUCTS_DIR; };
		2EFB4FE21F6900DF00668D51 /* DataStorageAssignmentTests.m */ = {isa = PBXFileReference; lastKnownFileType = sourcecode.c.objc; path = DataStorageAssignmentTests.m; sourceTree = "<group>"; };
		2EFB4FE41F6900DF00668D51 /* Info.plist */ = {isa = PBXFileReference; lastKnownFileType = text.plist.xml; path = Info.plist; sourceTree = "<group>"; };
		2EFB4FE91F6900DF00668D51 /* DataStorageAssignmentUITests.xctest */ = {isa = PBXFileReference; explicitFileType = wrapper.cfbundle; includeInIndex = 0; path = DataStorageAssignmentUITests.xctest; sourceTree = BUILT_PRODUCTS_DIR; };
		2EFB4FED1F6900DF00668D51 /* DataStorageAssignmentUITests.m */ = {isa = PBXFileReference; lastKnownFileType = sourcecode.c.objc; path = DataStorageAssignmentUITests.m; sourceTree = "<group>"; };
		2EFB4FEF1F6900DF00668D51 /* Info.plist */ = {isa = PBXFileReference; lastKnownFileType = text.plist.xml; path = Info.plist; sourceTree = "<group>"; };
/* End PBXFileReference section */

/* Begin PBXFrameworksBuildPhase section */
		2EFB4FC21F6900DF00668D51 /* Frameworks */ = {
			isa = PBXFrameworksBuildPhase;
			buildActionMask = 2147483647;
			files = (
			);
			runOnlyForDeploymentPostprocessing = 0;
		};
		2EFB4FDB1F6900DF00668D51 /* Frameworks */ = {
			isa = PBXFrameworksBuildPhase;
			buildActionMask = 2147483647;
			files = (
			);
			runOnlyForDeploymentPostprocessing = 0;
		};
		2EFB4FE61F6900DF00668D51 /* Frameworks */ = {
			isa = PBXFrameworksBuildPhase;
			buildActionMask = 2147483647;
			files = (
			);
			runOnlyForDeploymentPostprocessing = 0;
		};
/* End PBXFrameworksBuildPhase section */

/* Begin PBXGroup section */
		2EFB4FBC1F6900DF00668D51 = {
			isa = PBXGroup;
			children = (
				2EFB4FC71F6900DF00668D51 /* DataStorageAssignment */,
				2EFB4FE11F6900DF00668D51 /* DataStorageAssignmentTests */,
				2EFB4FEC1F6900DF00668D51 /* DataStorageAssignmentUITests */,
				2EFB4FC61F6900DF00668D51 /* Products */,
			);
			sourceTree = "<group>";
		};
		2EFB4FC61F6900DF00668D51 /* Products */ = {
			isa = PBXGroup;
			children = (
				2EFB4FC51F6900DF00668D51 /* DataStorageAssignment.app */,
				2EFB4FDE1F6900DF00668D51 /* DataStorageAssignmentTests.xctest */,
				2EFB4FE91F6900DF00668D51 /* DataStorageAssignmentUITests.xctest */,
			);
			name = Products;
			sourceTree = "<group>";
		};
		2EFB4FC71F6900DF00668D51 /* DataStorageAssignment */ = {
			isa = PBXGroup;
			children = (
				2EFB4FCB1F6900DF00668D51 /* AppDelegate.h */,
				2EFB4FCC1F6900DF00668D51 /* AppDelegate.m */,
				2EFB4FCE1F6900DF00668D51 /* ViewController.h */,
				2EFB4FCF1F6900DF00668D51 /* ViewController.m */,
				2EFB4FD11F6900DF00668D51 /* Main.storyboard */,
				2EFB4FD41F6900DF00668D51 /* Assets.xcassets */,
				2EFB4FD61F6900DF00668D51 /* LaunchScreen.storyboard */,
				2EFB4FD91F6900DF00668D51 /* Info.plist */,
				2EFB4FC81F6900DF00668D51 /* Supporting Files */,
			);
			path = DataStorageAssignment;
			sourceTree = "<group>";
		};
		2EFB4FC81F6900DF00668D51 /* Supporting Files */ = {
			isa = PBXGroup;
			children = (
				2EFB4FC91F6900DF00668D51 /* main.m */,
			);
			name = "Supporting Files";
			sourceTree = "<group>";
		};
		2EFB4FE11F6900DF00668D51 /* DataStorageAssignmentTests */ = {
			isa = PBXGroup;
			children = (
				2EFB4FE21F6900DF00668D51 /* DataStorageAssignmentTests.m */,
				2EFB4FE41F6900DF00668D51 /* Info.plist */,
			);
			path = DataStorageAssignmentTests;
			sourceTree = "<group>";
		};
		2EFB4FEC1F6900DF00668D51 /* DataStorageAssignmentUITests */ = {
			isa = PBXGroup;
			children = (
				2EFB4FED1F6900DF00668D51 /* DataStorageAssignmentUITests.m */,
				2EFB4FEF1F6900DF00668D51 /* Info.plist */,
			);
			path = DataStorageAssignmentUITests;
			sourceTree = "<group>";
		};
/* End PBXGroup section */

/* Begin PBXNativeTarget section */
		2EFB4FC41F6900DF00668D51 /* DataStorageAssignment */ = {
			isa = PBXNativeTarget;
			buildConfigurationList = 2EFB4FF21F6900DF00668D51 /* Build configuration list for PBXNativeTarget "DataStorageAssignment" */;
			buildPhases = (
				2EFB4FC11F6900DF00668D51 /* Sources */,
				2EFB4FC21F6900DF00668D51 /* Frameworks */,
				2EFB4FC31F6900DF00668D51 /* Resources */,
			);
			buildRules = (
			);
			dependencies = (
			);
			name = DataStorageAssignment;
			productName = DataStorageAssignment;
			productReference = 2EFB4FC51F6900DF00668D51 /* DataStorageAssignment.app */;
			productType = "com.apple.product-type.application";
		};
		2EFB4FDD1F6900DF00668D51 /* DataStorageAssignmentTests */ = {
			isa = PBXNativeTarget;
			buildConfigurationList = 2EFB4FF51F6900DF00668D51 /* Build configuration list for PBXNativeTarget "DataStorageAssignmentTests" */;
			buildPhases = (
				2EFB4FDA1F6900DF00668D51 /* Sources */,
				2EFB4FDB1F6900DF00668D51 /* Frameworks */,
				2EFB4FDC1F6900DF00668D51 /* Resources */,
			);
			buildRules = (
			);
			dependencies = (
				2EFB4FE01F6900DF00668D51 /* PBXTargetDependency */,
			);
			name = DataStorageAssignmentTests;
			productName = DataStorageAssignmentTests;
			productReference = 2EFB4FDE1F6900DF00668D51 /* DataStorageAssignmentTests.xctest */;
			productType = "com.apple.product-type.bundle.unit-test";
		};
		2EFB4FE81F6900DF00668D51 /* DataStorageAssignmentUITests */ = {
			isa = PBXNativeTarget;
			buildConfigurationList = 2EFB4FF81F6900DF00668D51 /* Build configuration list for PBXNativeTarget "DataStorageAssignmentUITests" */;
			buildPhases = (
				2EFB4FE51F6900DF00668D51 /* Sources */,
				2EFB4FE61F6900DF00668D51 /* Frameworks */,
				2EFB4FE71F6900DF00668D51 /* Resources */,
			);
			buildRules = (
			);
			dependencies = (
				2EFB4FEB1F6900DF00668D51 /* PBXTargetDependency */,
			);
			name = DataStorageAssignmentUITests;
			productName = DataStorageAssignmentUITests;
			productReference = 2EFB4FE91F6900DF00668D51 /* DataStorageAssignmentUITests.xctest */;
			productType = "com.apple.product-type.bundle.ui-testing";
		};
/* End PBXNativeTarget section */

/* Begin PBXProject section */
		2EFB4FBD1F6900DF00668D51 /* Project object */ = {
			isa = PBXProject;
			attributes = {
				LastUpgradeCheck = 0730;
				ORGANIZATIONNAME = Apurva.Inc;
				TargetAttributes = {
					2EFB4FC41F6900DF00668D51 = {
						CreatedOnToolsVersion = 7.3.1;
					};
					2EFB4FDD1F6900DF00668D51 = {
						CreatedOnToolsVersion = 7.3.1;
						TestTargetID = 2EFB4FC41F6900DF00668D51;
					};
					2EFB4FE81F6900DF00668D51 = {
						CreatedOnToolsVersion = 7.3.1;
						TestTargetID = 2EFB4FC41F6900DF00668D51;
					};
				};
			};
			buildConfigurationList = 2EFB4FC01F6900DF00668D51 /* Build configuration list for PBXProject "DataStorageAssignment" */;
			compatibilityVersion = "Xcode 3.2";
			developmentRegion = English;
			hasScannedForEncodings = 0;
			knownRegions = (
				en,
				Base,
			);
			mainGroup = 2EFB4FBC1F6900DF00668D51;
			productRefGroup = 2EFB4FC61F6900DF00668D51 /* Products */;
			projectDirPath = "";
			projectRoot = "";
			targets = (
				2EFB4FC41F6900DF00668D51 /* DataStorageAssignment */,
				2EFB4FDD1F6900DF00668D51 /* DataStorageAssignmentTests */,
				2EFB4FE81F6900DF00668D51 /* DataStorageAssignmentUITests */,
			);
		};
/* End PBXProject section */

/* Begin PBXResourcesBuildPhase section */
		2EFB4FC31F6900DF00668D51 /* Resources */ = {
			isa = PBXResourcesBuildPhase;
			buildActionMask = 2147483647;
			files = (
				2EFB4FD81F6900DF00668D51 /* LaunchScreen.storyboard in Resources */,
				2EFB4FD51F6900DF00668D51 /* Assets.xcassets in Resources */,
				2EFB4FD31F6900DF00668D51 /* Main.storyboard in Resources */,
			);
			runOnlyForDeploymentPostprocessing = 0;
		};
		2EFB4FDC1F6900DF00668D51 /* Resources */ = {
			isa = PBXResourcesBuildPhase;
			buildActionMask = 2147483647;
			files = (
			);
			runOnlyForDeploymentPostprocessing = 0;
		};
		2EFB4FE71F6900DF00668D51 /* Resources */ = {
			isa = PBXResourcesBuildPhase;
			buildActionMask = 2147483647;
			files = (
			);
			runOnlyForDeploymentPostprocessing = 0;
		};
/* End PBXResourcesBuildPhase section */

/* Begin PBXSourcesBuildPhase section */
		2EFB4FC11F6900DF00668D51 /* Sources */ = {
			isa = PBXSourcesBuildPhase;
			buildActionMask = 2147483647;
			files = (
				2EFB4FD01F6900DF00668D51 /* ViewController.m in Sources */,
				2EFB4FCD1F6900DF00668D51 /* AppDelegate.m in Sources */,
				2EFB4FCA1F6900DF00668D51 /* main.m in Sources */,
			);
			runOnlyForDeploymentPostprocessing = 0;
		};
		2EFB4FDA1F6900DF00668D51 /* Sources */ = {
			isa = PBXSourcesBuildPhase;
			buildActionMask = 2147483647;
			files = (
				2EFB4FE31F6900DF00668D51 /* DataStorageAssignmentTests.m in Sources */,
			);
			runOnlyForDeploymentPostprocessing = 0;
		};
		2EFB4FE51F6900DF00668D51 /* Sources */ = {
			isa = PBXSourcesBuildPhase;
			buildActionMask = 2147483647;
			files = (
				2EFB4FEE1F6900DF00668D51 /* DataStorageAssignmentUITests.m in Sources */,
			);
			runOnlyForDeploymentPostprocessing = 0;
		};
/* End PBXSourcesBuildPhase section */

/* Begin PBXTargetDependency section */
		2EFB4FE01F6900DF00668D51 /* PBXTargetDependency */ = {
			isa = PBXTargetDependency;
			target = 2EFB4FC41F6900DF00668D51 /* DataStorageAssignment */;
			targetProxy = 2EFB4FDF1F6900DF00668D51 /* PBXContainerItemProxy */;
		};
		2EFB4FEB1F6900DF00668D51 /* PBXTargetDependency */ = {
			isa = PBXTargetDependency;
			target = 2EFB4FC41F6900DF00668D51 /* DataStorageAssignment */;
			targetProxy = 2EFB4FEA1F6900DF00668D51 /* PBXContainerItemProxy */;
		};
/* End PBXTargetDependency section */

/* Begin PBXVariantGroup section */
		2EFB4FD11F6900DF00668D51 /* Main.storyboard */ = {
			isa = PBXVariantGroup;
			children = (
				2EFB4FD21F6900DF00668D51 /* Base */,
			);
			name = Main.storyboard;
			sourceTree = "<group>";
		};
		2EFB4FD61F6900DF00668D51 /* LaunchScreen.storyboard */ = {
			isa = PBXVariantGroup;
			children = (
				2EFB4FD71F6900DF00668D51 /* Base */,
			);
			name = LaunchScreen.storyboard;
			sourceTree = "<group>";
		};
/* End PBXVariantGroup section */

/* Begin XCBuildConfiguration section */
		2EFB4FF01F6900DF00668D51 /* Debug */ = {
			isa = XCBuildConfiguration;
			buildSettings = {
				ALWAYS_SEARCH_USER_PATHS = NO;
				CLANG_ANALYZER_NONNULL = YES;
				CLANG_CXX_LANGUAGE_STANDARD = "gnu++0x";
				CLANG_CXX_LIBRARY = "libc++";
				CLANG_ENABLE_MODULES = YES;
				CLANG_ENABLE_OBJC_ARC = YES;
				CLANG_WARN_BOOL_CONVERSION = YES;
				CLANG_WARN_CONSTANT_CONVERSION = YES;
				CLANG_WARN_DIRECT_OBJC_ISA_USAGE = YES_ERROR;
				CLANG_WARN_EMPTY_BODY = YES;
				CLANG_WARN_ENUM_CONVERSION = YES;
				CLANG_WARN_INT_CONVERSION = YES;
				CLANG_WARN_OBJC_ROOT_CLASS = YES_ERROR;
				CLANG_WARN_UNREACHABLE_CODE = YES;
				CLANG_WARN__DUPLICATE_METHOD_MATCH = YES;
				"CODE_SIGN_IDENTITY[sdk=iphoneos*]" = "iPhone Developer";
				COPY_PHASE_STRIP = NO;
				DEBUG_INFORMATION_FORMAT = dwarf;
				ENABLE_STRICT_OBJC_MSGSEND = YES;
				ENABLE_TESTABILITY = YES;
				GCC_C_LANGUAGE_STANDARD = gnu99;
				GCC_DYNAMIC_NO_PIC = NO;
				GCC_NO_COMMON_BLOCKS = YES;
				GCC_OPTIMIZATION_LEVEL = 0;
				GCC_PREPROCESSOR_DEFINITIONS = (
					"DEBUG=1",
					"$(inherited)",
				);
				GCC_WARN_64_TO_32_BIT_CONVERSION = YES;
				GCC_WARN_ABOUT_RETURN_TYPE = YES_ERROR;
				GCC_WARN_UNDECLARED_SELECTOR = YES;
				GCC_WARN_UNINITIALIZED_AUTOS = YES_AGGRESSIVE;
				GCC_WARN_UNUSED_FUNCTION = YES;
				GCC_WARN_UNUSED_VARIABLE = YES;
				IPHONEOS_DEPLOYMENT_TARGET = 9.3;
				MTL_ENABLE_DEBUG_INFO = YES;
				ONLY_ACTIVE_ARCH = YES;
				SDKROOT = iphoneos;
				TARGETED_DEVICE_FAMILY = "1,2";
			};
			name = Debug;
		};
		2EFB4FF11F6900DF00668D51 /* Release */ = {
			isa = XCBuildConfiguration;
			buildSettings = {
				ALWAYS_SEARCH_USER_PATHS = NO;
				CLANG_ANALYZER_NONNULL = YES;
				CLANG_CXX_LANGUAGE_STANDARD = "gnu++0x";
				CLANG_CXX_LIBRARY = "libc++";
				CLANG_ENABLE_MODULES = YES;
				CLANG_ENABLE_OBJC_ARC = YES;
				CLANG_WARN_BOOL_CONVERSION = YES;
				CLANG_WARN_CONSTANT_CONVERSION = YES;
				CLANG_WARN_DIRECT_OBJC_ISA_USAGE = YES_ERROR;
				CLANG_WARN_EMPTY_BODY = YES;
				CLANG_WARN_ENUM_CONVERSION = YES;
				CLANG_WARN_INT_CONVERSION = YES;
				CLANG_WARN_OBJC_ROOT_CLASS = YES_ERROR;
				CLANG_WARN_UNREACHABLE_CODE = YES;
				CLANG_WARN__DUPLICATE_METHOD_MATCH = YES;
				"CODE_SIGN_IDENTITY[sdk=iphoneos*]" = "iPhone Developer";
				COPY_PHASE_STRIP = NO;
				DEBUG_INFORMATION_FORMAT = "dwarf-with-dsym";
				ENABLE_NS_ASSERTIONS = NO;
				ENABLE_STRICT_OBJC_MSGSEND = YES;
				GCC_C_LANGUAGE_STANDARD = gnu99;
				GCC_NO_COMMON_BLOCKS = YES;
				GCC_WARN_64_TO_32_BIT_CONVERSION = YES;
				GCC_WARN_ABOUT_RETURN_TYPE = YES_ERROR;
				GCC_WARN_UNDECLARED_SELECTOR = YES;
				GCC_WARN_UNINITIALIZED_AUTOS = YES_AGGRESSIVE;
				GCC_WARN_UNUSED_FUNCTION = YES;
				GCC_WARN_UNUSED_VARIABLE = YES;
				IPHONEOS_DEPLOYMENT_TARGET = 9.3;
				MTL_ENABLE_DEBUG_INFO = NO;
				SDKROOT = iphoneos;
				TARGETED_DEVICE_FAMILY = "1,2";
				VALIDATE_PRODUCT = YES;
			};
			name = Release;
		};
		2EFB4FF31F6900DF00668D51 /* Debug */ = {
			isa = XCBuildConfiguration;
			buildSettings = {
				ASSETCATALOG_COMPILER_APPICON_NAME = AppIcon;
				INFOPLIST_FILE = DataStorageAssignment/Info.plist;
				LD_RUNPATH_SEARCH_PATHS = "$(inherited) @executable_path/Frameworks";
				PRODUCT_BUNDLE_IDENTIFIER = "Apurva-apps.DataStorageAssignment";
				PRODUCT_NAME = "$(TARGET_NAME)";
			};
			name = Debug;
		};
		2EFB4FF41F6900DF00668D51 /* Release */ = {
			isa = XCBuildConfiguration;
			buildSettings = {
				ASSETCATALOG_COMPILER_APPICON_NAME = AppIcon;
				INFOPLIST_FILE = DataStorageAssignment/Info.plist;
				LD_RUNPATH_SEARCH_PATHS = "$(inherited) @executable_path/Frameworks";
				PRODUCT_BUNDLE_IDENTIFIER = "Apurva-apps.DataStorageAssignment";
				PRODUCT_NAME = "$(TARGET_NAME)";
			};
			name = Release;
		};
		2EFB4FF61F6900DF00668D51 /* Debug */ = {
			isa = XCBuildConfiguration;
			buildSettings = {
				BUNDLE_LOADER = "$(TEST_HOST)";
				INFOPLIST_FILE = DataStorageAssignmentTests/Info.plist;
				LD_RUNPATH_SEARCH_PATHS = "$(inherited) @executable_path/Frameworks @loader_path/Frameworks";
				PRODUCT_BUNDLE_IDENTIFIER = "Apurva-apps.DataStorageAssignmentTests";
				PRODUCT_NAME = "$(TARGET_NAME)";
				TEST_HOST = "$(BUILT_PRODUCTS_DIR)/DataStorageAssignment.app/DataStorageAssignment";
			};
			name = Debug;
		};
		2EFB4FF71F6900DF00668D51 /* Release */ = {
			isa = XCBuildConfiguration;
			buildSettings = {
				BUNDLE_LOADER = "$(TEST_HOST)";
				INFOPLIST_FILE = DataStorageAssignmentTests/Info.plist;
				LD_RUNPATH_SEARCH_PATHS = "$(inherited) @executable_path/Frameworks @loader_path/Frameworks";
				PRODUCT_BUNDLE_IDENTIFIER = "Apurva-apps.DataStorageAssignmentTests";
				PRODUCT_NAME = "$(TARGET_NAME)";
				TEST_HOST = "$(BUILT_PRODUCTS_DIR)/DataStorageAssignment.app/DataStorageAssignment";
			};
			name = Release;
		};
		2EFB4FF91F6900DF00668D51 /* Debug */ = {
			isa = XCBuildConfiguration;
			buildSettings = {
				INFOPLIST_FILE = DataStorageAssignmentUITests/Info.plist;
				LD_RUNPATH_SEARCH_PATHS = "$(inherited) @executable_path/Frameworks @loader_path/Frameworks";
				PRODUCT_BUNDLE_IDENTIFIER = "Apurva-apps.DataStorageAssignmentUITests";
				PRODUCT_NAME = "$(TARGET_NAME)";
				TEST_TARGET_NAME = DataStorageAssignment;
			};
			name = Debug;
		};
		2EFB4FFA1F6900DF00668D51 /* Release */ = {
			isa = XCBuildConfiguration;
			buildSettings = {
				INFOPLIST_FILE = DataStorageAssignmentUITests/Info.plist;
				LD_RUNPATH_SEARCH_PATHS = "$(inherited) @executable_path/Frameworks @loader_path/Frameworks";
				PRODUCT_BUNDLE_IDENTIFIER = "Apurva-apps.DataStorageAssignmentUITests";
				PRODUCT_NAME = "$(TARGET_NAME)";
				TEST_TARGET_NAME = DataStorageAssignment;
			};
			name = Release;
		};
/* End XCBuildConfiguration section */

/* Begin XCConfigurationList section */
		2EFB4FC01F6900DF00668D51 /* Build configuration list for PBXProject "DataStorageAssignment" */ = {
			isa = XCConfigurationList;
			buildConfigurations = (
				2EFB4FF01F6900DF00668D51 /* Debug */,
				2EFB4FF11F6900DF00668D51 /* Release */,
			);
			defaultConfigurationIsVisible = 0;
			defaultConfigurationName = Release;
		};
		2EFB4FF21F6900DF00668D51 /* Build configuration list for PBXNativeTarget "DataStorageAssignment" */ = {
			isa = XCConfigurationList;
			buildConfigurations = (
				2EFB4FF31F6900DF00668D51 /* Debug */,
				2EFB4FF41F6900DF00668D51 /* Release */,
			);
			defaultConfigurationIsVisible = 0;
		};
		2EFB4FF51F6900DF00668D51 /* Build configuration list for PBXNativeTarget "DataStorageAssignmentTests" */ = {
			isa = XCConfigurationList;
			buildConfigurations = (
				2EFB4FF61F6900DF00668D51 /* Debug */,
				2EFB4FF71F6900DF00668D51 /* Release */,
			);
			defaultConfigurationIsVisible = 0;
		};
		2EFB4FF81F6900DF00668D51 /* Build configuration list for PBXNativeTarget "DataStorageAssignmentUITests" */ = {
			isa = XCConfigurationList;
			buildConfigurations = (
				2EFB4FF91F6900DF00668D51 /* Debug */,
				2EFB4FFA1F6900DF00668D51 /* Release */,
			);
			defaultConfigurationIsVisible = 0;
		};
/* End XCConfigurationList section */
	};
	rootObject = 2EFB4FBD1F6900DF00668D51 /* Project object */;
}
